// !$*UTF8*$!
{
	archiveVersion = 1;
	classes = {
	};
	objectVersion = 46;
	objects = {

/* Begin PBXBuildFile section */
		1C4E16E719EC72FB00D04ACE /* main.m in Sources */ = {isa = PBXBuildFile; fileRef = 1C4E16E619EC72FB00D04ACE /* main.m */; };
		1C4E16EA19EC72FB00D04ACE /* AppDelegate.m in Sources */ = {isa = PBXBuildFile; fileRef = 1C4E16E919EC72FB00D04ACE /* AppDelegate.m */; };
		1C4E16ED19EC72FB00D04ACE /* ViewController.m in Sources */ = {isa = PBXBuildFile; fileRef = 1C4E16EC19EC72FB00D04ACE /* ViewController.m */; };
		1C4E16F019EC72FB00D04ACE /* Main.storyboard in Resources */ = {isa = PBXBuildFile; fileRef = 1C4E16EE19EC72FB00D04ACE /* Main.storyboard */; };
		1C4E16F219EC72FB00D04ACE /* Images.xcassets in Resources */ = {isa = PBXBuildFile; fileRef = 1C4E16F119EC72FB00D04ACE /* Images.xcassets */; };
		1C4E16F519EC72FB00D04ACE /* LaunchScreen.xib in Resources */ = {isa = PBXBuildFile; fileRef = 1C4E16F319EC72FB00D04ACE /* LaunchScreen.xib */; };
		1C4E170119EC72FB00D04ACE /* rottenTomatoesDemoTests.m in Sources */ = {isa = PBXBuildFile; fileRef = 1C4E170019EC72FB00D04ACE /* rottenTomatoesDemoTests.m */; };
		1CAECC5F19F48D2E00042082 /* MovieDetailViewController.m in Sources */ = {isa = PBXBuildFile; fileRef = 1CAECC5D19F48D2E00042082 /* MovieDetailViewController.m */; };
		1CAECC6019F48D2E00042082 /* MovieDetailViewController.xib in Resources */ = {isa = PBXBuildFile; fileRef = 1CAECC5E19F48D2E00042082 /* MovieDetailViewController.xib */; };
		1CE056AF19F4221300CC0CAA /* MovieCell.m in Sources */ = {isa = PBXBuildFile; fileRef = 1CE056AD19F4221300CC0CAA /* MovieCell.m */; };
		1CE056B019F4221300CC0CAA /* MovieCell.xib in Resources */ = {isa = PBXBuildFile; fileRef = 1CE056AE19F4221300CC0CAA /* MovieCell.xib */; };
		1CF78D9819EF023F00C682AD /* MoviesViewController.m in Sources */ = {isa = PBXBuildFile; fileRef = 1CF78D9619EF023F00C682AD /* MoviesViewController.m */; };
		1CF78D9919EF023F00C682AD /* MoviesViewController.xib in Resources */ = {isa = PBXBuildFile; fileRef = 1CF78D9719EF023F00C682AD /* MoviesViewController.xib */; };
		242CB7723B35E917B86E9038 /* libPods.a in Frameworks */ = {isa = PBXBuildFile; fileRef = 95917CD608D7EFACEEB644B8 /* libPods.a */; };
/* End PBXBuildFile section */

/* Begin PBXContainerItemProxy section */
		1C4E16FB19EC72FB00D04ACE /* PBXContainerItemProxy */ = {
			isa = PBXContainerItemProxy;
			containerPortal = 1C4E16D919EC72FB00D04ACE /* Project object */;
			proxyType = 1;
			remoteGlobalIDString = 1C4E16E019EC72FB00D04ACE;
			remoteInfo = rottenTomatoesDemo;
		};
/* End PBXContainerItemProxy section */

/* Begin PBXFileReference section */
		1C4E16E119EC72FB00D04ACE /* rottenTomatoesDemo.app */ = {isa = PBXFileReference; explicitFileType = wrapper.application; includeInIndex = 0; path = rottenTomatoesDemo.app; sourceTree = BUILT_PRODUCTS_DIR; };
		1C4E16E519EC72FB00D04ACE /* Info.plist */ = {isa = PBXFileReference; lastKnownFileType = text.plist.xml; path = Info.plist; sourceTree = "<group>"; };
		1C4E16E619EC72FB00D04ACE /* main.m */ = {isa = PBXFileReference; lastKnownFileType = sourcecode.c.objc; path = main.m; sourceTree = "<group>"; };
		1C4E16E819EC72FB00D04ACE /* AppDelegate.h */ = {isa = PBXFileReference; lastKnownFileType = sourcecode.c.h; path = AppDelegate.h; sourceTree = "<group>"; };
		1C4E16E919EC72FB00D04ACE /* AppDelegate.m */ = {isa = PBXFileReference; lastKnownFileType = sourcecode.c.objc; path = AppDelegate.m; sourceTree = "<group>"; };
		1C4E16EB19EC72FB00D04ACE /* ViewController.h */ = {isa = PBXFileReference; lastKnownFileType = sourcecode.c.h; path = ViewController.h; sourceTree = "<group>"; };
		1C4E16EC19EC72FB00D04ACE /* ViewController.m */ = {isa = PBXFileReference; lastKnownFileType = sourcecode.c.objc; path = ViewController.m; sourceTree = "<group>"; };
		1C4E16EF19EC72FB00D04ACE /* Base */ = {isa = PBXFileReference; lastKnownFileType = file.storyboard; name = Base; path = Base.lproj/Main.storyboard; sourceTree = "<group>"; };
		1C4E16F119EC72FB00D04ACE /* Images.xcassets */ = {isa = PBXFileReference; lastKnownFileType = folder.assetcatalog; path = Images.xcassets; sourceTree = "<group>"; };
		1C4E16F419EC72FB00D04ACE /* Base */ = {isa = PBXFileReference; lastKnownFileType = file.xib; name = Base; path = Base.lproj/LaunchScreen.xib; sourceTree = "<group>"; };
		1C4E16FA19EC72FB00D04ACE /* rottenTomatoesDemoTests.xctest */ = {isa = PBXFileReference; explicitFileType = wrapper.cfbundle; includeInIndex = 0; path = rottenTomatoesDemoTests.xctest; sourceTree = BUILT_PRODUCTS_DIR; };
		1C4E16FF19EC72FB00D04ACE /* Info.plist */ = {isa = PBXFileReference; lastKnownFileType = text.plist.xml; path = Info.plist; sourceTree = "<group>"; };
		1C4E170019EC72FB00D04ACE /* rottenTomatoesDemoTests.m */ = {isa = PBXFileReference; lastKnownFileType = sourcecode.c.objc; path = rottenTomatoesDemoTests.m; sourceTree = "<group>"; };
		1CAECC5C19F48D2E00042082 /* MovieDetailViewController.h */ = {isa = PBXFileReference; fileEncoding = 4; lastKnownFileType = sourcecode.c.h; path = MovieDetailViewController.h; sourceTree = "<group>"; };
		1CAECC5D19F48D2E00042082 /* MovieDetailViewController.m */ = {isa = PBXFileReference; fileEncoding = 4; lastKnownFileType = sourcecode.c.objc; path = MovieDetailViewController.m; sourceTree = "<group>"; };
		1CAECC5E19F48D2E00042082 /* MovieDetailViewController.xib */ = {isa = PBXFileReference; fileEncoding = 4; lastKnownFileType = file.xib; path = MovieDetailViewController.xib; sourceTree = "<group>"; };
		1CE056AC19F4221300CC0CAA /* MovieCell.h */ = {isa = PBXFileReference; fileEncoding = 4; lastKnownFileType = sourcecode.c.h; path = MovieCell.h; sourceTree = "<group>"; };
		1CE056AD19F4221300CC0CAA /* MovieCell.m */ = {isa = PBXFileReference; fileEncoding = 4; lastKnownFileType = sourcecode.c.objc; path = MovieCell.m; sourceTree = "<group>"; };
		1CE056AE19F4221300CC0CAA /* MovieCell.xib */ = {isa = PBXFileReference; fileEncoding = 4; lastKnownFileType = file.xib; path = MovieCell.xib; sourceTree = "<group>"; };
		1CF78D9519EF023F00C682AD /* MoviesViewController.h */ = {isa = PBXFileReference; fileEncoding = 4; lastKnownFileType = sourcecode.c.h; name = MoviesViewController.h; path = ../MoviesViewController.h; sourceTree = "<group>"; };
		1CF78D9619EF023F00C682AD /* MoviesViewController.m */ = {isa = PBXFileReference; fileEncoding = 4; lastKnownFileType = sourcecode.c.objc; name = MoviesViewController.m; path = ../MoviesViewController.m; sourceTree = "<group>"; };
		1CF78D9719EF023F00C682AD /* MoviesViewController.xib */ = {isa = PBXFileReference; fileEncoding = 4; lastKnownFileType = file.xib; name = MoviesViewController.xib; path = ../MoviesViewController.xib; sourceTree = "<group>"; };
		6FF201D468955E94EBEA6EF0 /* Pods.release.xcconfig */ = {isa = PBXFileReference; includeInIndex = 1; lastKnownFileType = text.xcconfig; name = Pods.release.xcconfig; path = "Pods/Target Support Files/Pods/Pods.release.xcconfig"; sourceTree = "<group>"; };
		791F5AB100F01F61E4EE0365 /* Pods.debug.xcconfig */ = {isa = PBXFileReference; includeInIndex = 1; lastKnownFileType = text.xcconfig; name = Pods.debug.xcconfig; path = "Pods/Target Support Files/Pods/Pods.debug.xcconfig"; sourceTree = "<group>"; };
		95917CD608D7EFACEEB644B8 /* libPods.a */ = {isa = PBXFileReference; explicitFileType = archive.ar; includeInIndex = 0; path = libPods.a; sourceTree = BUILT_PRODUCTS_DIR; };
/* End PBXFileReference section */

/* Begin PBXFrameworksBuildPhase section */
		1C4E16DE19EC72FB00D04ACE /* Frameworks */ = {
			isa = PBXFrameworksBuildPhase;
			buildActionMask = 2147483647;
			files = (
				242CB7723B35E917B86E9038 /* libPods.a in Frameworks */,
			);
			runOnlyForDeploymentPostprocessing = 0;
		};
		1C4E16F719EC72FB00D04ACE /* Frameworks */ = {
			isa = PBXFrameworksBuildPhase;
			buildActionMask = 2147483647;
			files = (
			);
			runOnlyForDeploymentPostprocessing = 0;
		};
/* End PBXFrameworksBuildPhase section */

/* Begin PBXGroup section */
		1C4E16D819EC72FB00D04ACE = {
			isa = PBXGroup;
			children = (
				1C4E16E319EC72FB00D04ACE /* rottenTomatoesDemo */,
				1C4E16FD19EC72FB00D04ACE /* rottenTomatoesDemoTests */,
				1C4E16E219EC72FB00D04ACE /* Products */,
				6B7DF6597B50475D00D8044A /* Pods */,
				392B3687143337C6B46606B6 /* Frameworks */,
			);
			sourceTree = "<group>";
		};
		1C4E16E219EC72FB00D04ACE /* Products */ = {
			isa = PBXGroup;
			children = (
				1C4E16E119EC72FB00D04ACE /* rottenTomatoesDemo.app */,
				1C4E16FA19EC72FB00D04ACE /* rottenTomatoesDemoTests.xctest */,
			);
			name = Products;
			sourceTree = "<group>";
		};
		1C4E16E319EC72FB00D04ACE /* rottenTomatoesDemo */ = {
			isa = PBXGroup;
			children = (
				1CF78D9519EF023F00C682AD /* MoviesViewController.h */,
				1CF78D9619EF023F00C682AD /* MoviesViewController.m */,
				1CF78D9719EF023F00C682AD /* MoviesViewController.xib */,
				1C4E16E819EC72FB00D04ACE /* AppDelegate.h */,
				1C4E16E919EC72FB00D04ACE /* AppDelegate.m */,
				1C4E16EB19EC72FB00D04ACE /* ViewController.h */,
				1C4E16EC19EC72FB00D04ACE /* ViewController.m */,
				1C4E16EE19EC72FB00D04ACE /* Main.storyboard */,
				1C4E16F119EC72FB00D04ACE /* Images.xcassets */,
				1C4E16F319EC72FB00D04ACE /* LaunchScreen.xib */,
				1C4E16E419EC72FB00D04ACE /* Supporting Files */,
				1CE056AC19F4221300CC0CAA /* MovieCell.h */,
				1CE056AD19F4221300CC0CAA /* MovieCell.m */,
				1CE056AE19F4221300CC0CAA /* MovieCell.xib */,
				1CAECC5C19F48D2E00042082 /* MovieDetailViewController.h */,
				1CAECC5D19F48D2E00042082 /* MovieDetailViewController.m */,
				1CAECC5E19F48D2E00042082 /* MovieDetailViewController.xib */,
			);
			path = rottenTomatoesDemo;
			sourceTree = "<group>";
		};
		1C4E16E419EC72FB00D04ACE /* Supporting Files */ = {
			isa = PBXGroup;
			children = (
				1C4E16E519EC72FB00D04ACE /* Info.plist */,
				1C4E16E619EC72FB00D04ACE /* main.m */,
			);
			name = "Supporting Files";
			sourceTree = "<group>";
		};
		1C4E16FD19EC72FB00D04ACE /* rottenTomatoesDemoTests */ = {
			isa = PBXGroup;
			children = (
				1C4E170019EC72FB00D04ACE /* rottenTomatoesDemoTests.m */,
				1C4E16FE19EC72FB00D04ACE /* Supporting Files */,
			);
			path = rottenTomatoesDemoTests;
			sourceTree = "<group>";
		};
		1C4E16FE19EC72FB00D04ACE /* Supporting Files */ = {
			isa = PBXGroup;
			children = (
				1C4E16FF19EC72FB00D04ACE /* Info.plist */,
			);
			name = "Supporting Files";
			sourceTree = "<group>";
		};
		392B3687143337C6B46606B6 /* Frameworks */ = {
			isa = PBXGroup;
			children = (
				95917CD608D7EFACEEB644B8 /* libPods.a */,
			);
			name = Frameworks;
			sourceTree = "<group>";
		};
		6B7DF6597B50475D00D8044A /* Pods */ = {
			isa = PBXGroup;
			children = (
				791F5AB100F01F61E4EE0365 /* Pods.debug.xcconfig */,
				6FF201D468955E94EBEA6EF0 /* Pods.release.xcconfig */,
			);
			name = Pods;
			sourceTree = "<group>";
		};
/* End PBXGroup section */

/* Begin PBXNativeTarget section */
		1C4E16E019EC72FB00D04ACE /* rottenTomatoesDemo */ = {
			isa = PBXNativeTarget;
			buildConfigurationList = 1C4E170419EC72FB00D04ACE /* Build configuration list for PBXNativeTarget "rottenTomatoesDemo" */;
			buildPhases = (
				567C559257B1B045B27DBA08 /* Check Pods Manifest.lock */,
				1C4E16DD19EC72FB00D04ACE /* Sources */,
				1C4E16DE19EC72FB00D04ACE /* Frameworks */,
				1C4E16DF19EC72FB00D04ACE /* Resources */,
				48DE97E42B649998DEBEF249 /* Copy Pods Resources */,
			);
			buildRules = (
			);
			dependencies = (
			);
			name = rottenTomatoesDemo;
			productName = rottenTomatoesDemo;
			productReference = 1C4E16E119EC72FB00D04ACE /* rottenTomatoesDemo.app */;
			productType = "com.apple.product-type.application";
		};
		1C4E16F919EC72FB00D04ACE /* rottenTomatoesDemoTests */ = {
			isa = PBXNativeTarget;
			buildConfigurationList = 1C4E170719EC72FB00D04ACE /* Build configuration list for PBXNativeTarget "rottenTomatoesDemoTests" */;
			buildPhases = (
				1C4E16F619EC72FB00D04ACE /* Sources */,
				1C4E16F719EC72FB00D04ACE /* Frameworks */,
				1C4E16F819EC72FB00D04ACE /* Resources */,
			);
			buildRules = (
			);
			dependencies = (
				1C4E16FC19EC72FB00D04ACE /* PBXTargetDependency */,
			);
			name = rottenTomatoesDemoTests;
			productName = rottenTomatoesDemoTests;
			productReference = 1C4E16FA19EC72FB00D04ACE /* rottenTomatoesDemoTests.xctest */;
			productType = "com.apple.product-type.bundle.unit-test";
		};
/* End PBXNativeTarget section */

/* Begin PBXProject section */
		1C4E16D919EC72FB00D04ACE /* Project object */ = {
			isa = PBXProject;
			attributes = {
				LastUpgradeCheck = 0600;
				ORGANIZATIONNAME = "Vinit Patwa";
				TargetAttributes = {
					1C4E16E019EC72FB00D04ACE = {
						CreatedOnToolsVersion = 6.0.1;
					};
					1C4E16F919EC72FB00D04ACE = {
						CreatedOnToolsVersion = 6.0.1;
						TestTargetID = 1C4E16E019EC72FB00D04ACE;
					};
				};
			};
			buildConfigurationList = 1C4E16DC19EC72FB00D04ACE /* Build configuration list for PBXProject "rottenTomatoesDemo" */;
			compatibilityVersion = "Xcode 3.2";
			developmentRegion = English;
			hasScannedForEncodings = 0;
			knownRegions = (
				en,
				Base,
			);
			mainGroup = 1C4E16D819EC72FB00D04ACE;
			productRefGroup = 1C4E16E219EC72FB00D04ACE /* Products */;
			projectDirPath = "";
			projectRoot = "";
			targets = (
				1C4E16E019EC72FB00D04ACE /* rottenTomatoesDemo */,
				1C4E16F919EC72FB00D04ACE /* rottenTomatoesDemoTests */,
			);
		};
/* End PBXProject section */

/* Begin PBXResourcesBuildPhase section */
		1C4E16DF19EC72FB00D04ACE /* Resources */ = {
			isa = PBXResourcesBuildPhase;
			buildActionMask = 2147483647;
			files = (
				1CAECC6019F48D2E00042082 /* MovieDetailViewController.xib in Resources */,
				1C4E16F019EC72FB00D04ACE /* Main.storyboard in Resources */,
				1C4E16F519EC72FB00D04ACE /* LaunchScreen.xib in Resources */,
				1C4E16F219EC72FB00D04ACE /* Images.xcassets in Resources */,
				1CF78D9919EF023F00C682AD /* MoviesViewController.xib in Resources */,
				1CE056B019F4221300CC0CAA /* MovieCell.xib in Resources */,
			);
			runOnlyForDeploymentPostprocessing = 0;
		};
		1C4E16F819EC72FB00D04ACE /* Resources */ = {
			isa = PBXResourcesBuildPhase;
			buildActionMask = 2147483647;
			files = (
			);
			runOnlyForDeploymentPostprocessing = 0;
		};
/* End PBXResourcesBuildPhase section */

/* Begin PBXShellScriptBuildPhase section */
		48DE97E42B649998DEBEF249 /* Copy Pods Resources */ = {
			isa = PBXShellScriptBuildPhase;
			buildActionMask = 2147483647;
			files = (
			);
			inputPaths = (
			);
			name = "Copy Pods Resources";
			outputPaths = (
			);
			runOnlyForDeploymentPostprocessing = 0;
			shellPath = /bin/sh;
			shellScript = "\"${SRCROOT}/Pods/Target Support Files/Pods/Pods-resources.sh\"\n";
			showEnvVarsInLog = 0;
		};
		567C559257B1B045B27DBA08 /* Check Pods Manifest.lock */ = {
			isa = PBXShellScriptBuildPhase;
			buildActionMask = 2147483647;
			files = (
			);
			inputPaths = (
			);
			name = "Check Pods Manifest.lock";
			outputPaths = (
			);
			runOnlyForDeploymentPostprocessing = 0;
			shellPath = /bin/sh;
			shellScript = "diff \"${PODS_ROOT}/../Podfile.lock\" \"${PODS_ROOT}/Manifest.lock\" > /dev/null\nif [[ $? != 0 ]] ; then\n    cat << EOM\nerror: The sandbox is not in sync with the Podfile.lock. Run 'pod install' or update your CocoaPods installation.\nEOM\n    exit 1\nfi\n";
			showEnvVarsInLog = 0;
		};
/* End PBXShellScriptBuildPhase section */

/* Begin PBXSourcesBuildPhase section */
		1C4E16DD19EC72FB00D04ACE /* Sources */ = {
			isa = PBXSourcesBuildPhase;
			buildActionMask = 2147483647;
			files = (
				1CAECC5F19F48D2E00042082 /* MovieDetailViewController.m in Sources */,
				1C4E16ED19EC72FB00D04ACE /* ViewController.m in Sources */,
				1CE056AF19F4221300CC0CAA /* MovieCell.m in Sources */,
				1C4E16EA19EC72FB00D04ACE /* AppDelegate.m in Sources */,
				1C4E16E719EC72FB00D04ACE /* main.m in Sources */,
				1CF78D9819EF023F00C682AD /* MoviesViewController.m in Sources */,
			);
			runOnlyForDeploymentPostprocessing = 0;
		};
		1C4E16F619EC72FB00D04ACE /* Sources */ = {
			isa = PBXSourcesBuildPhase;
			buildActionMask = 2147483647;
			files = (
				1C4E170119EC72FB00D04ACE /* rottenTomatoesDemoTests.m in Sources */,
			);
			runOnlyForDeploymentPostprocessing = 0;
		};
/* End PBXSourcesBuildPhase section */

/* Begin PBXTargetDependency section */
		1C4E16FC19EC72FB00D04ACE /* PBXTargetDependency */ = {
			isa = PBXTargetDependency;
			target = 1C4E16E019EC72FB00D04ACE /* rottenTomatoesDemo */;
			targetProxy = 1C4E16FB19EC72FB00D04ACE /* PBXContainerItemProxy */;
		};
/* End PBXTargetDependency section */

/* Begin PBXVariantGroup section */
		1C4E16EE19EC72FB00D04ACE /* Main.storyboard */ = {
			isa = PBXVariantGroup;
			children = (
				1C4E16EF19EC72FB00D04ACE /* Base */,
			);
			name = Main.storyboard;
			sourceTree = "<group>";
		};
		1C4E16F319EC72FB00D04ACE /* LaunchScreen.xib */ = {
			isa = PBXVariantGroup;
			children = (
				1C4E16F419EC72FB00D04ACE /* Base */,
			);
			name = LaunchScreen.xib;
			sourceTree = "<group>";
		};
/* End PBXVariantGroup section */

/* Begin XCBuildConfiguration section */
		1C4E170219EC72FB00D04ACE /* Debug */ = {
			isa = XCBuildConfiguration;
			buildSettings = {
				ALWAYS_SEARCH_USER_PATHS = NO;
				CLANG_CXX_LANGUAGE_STANDARD = "gnu++0x";
				CLANG_CXX_LIBRARY = "libc++";
				CLANG_ENABLE_MODULES = YES;
				CLANG_ENABLE_OBJC_ARC = YES;
				CLANG_WARN_BOOL_CONVERSION = YES;
				CLANG_WARN_CONSTANT_CONVERSION = YES;
				CLANG_WARN_DIRECT_OBJC_ISA_USAGE = YES_ERROR;
				CLANG_WARN_EMPTY_BODY = YES;
				CLANG_WARN_ENUM_CONVERSION = YES;
				CLANG_WARN_INT_CONVERSION = YES;
				CLANG_WARN_OBJC_ROOT_CLASS = YES_ERROR;
				CLANG_WARN_UNREACHABLE_CODE = YES;
				CLANG_WARN__DUPLICATE_METHOD_MATCH = YES;
				"CODE_SIGN_IDENTITY[sdk=iphoneos*]" = "iPhone Developer";
				COPY_PHASE_STRIP = NO;
				ENABLE_STRICT_OBJC_MSGSEND = YES;
				GCC_C_LANGUAGE_STANDARD = gnu99;
				GCC_DYNAMIC_NO_PIC = NO;
				GCC_OPTIMIZATION_LEVEL = 0;
				GCC_PREPROCESSOR_DEFINITIONS = (
					"DEBUG=1",
					"$(inherited)",
				);
				GCC_SYMBOLS_PRIVATE_EXTERN = NO;
				GCC_WARN_64_TO_32_BIT_CONVERSION = YES;
				GCC_WARN_ABOUT_RETURN_TYPE = YES_ERROR;
				GCC_WARN_UNDECLARED_SELECTOR = YES;
				GCC_WARN_UNINITIALIZED_AUTOS = YES_AGGRESSIVE;
				GCC_WARN_UNUSED_FUNCTION = YES;
				GCC_WARN_UNUSED_VARIABLE = YES;
				IPHONEOS_DEPLOYMENT_TARGET = 8.0;
				MTL_ENABLE_DEBUG_INFO = YES;
				ONLY_ACTIVE_ARCH = YES;
				SDKROOT = iphoneos;
				TARGETED_DEVICE_FAMILY = "1,2";
			};
			name = Debug;
		};
		1C4E170319EC72FB00D04ACE /* Release */ = {
			isa = XCBuildConfiguration;
			buildSettings = {
				ALWAYS_SEARCH_USER_PATHS = NO;
				CLANG_CXX_LANGUAGE_STANDARD = "gnu++0x";
				CLANG_CXX_LIBRARY = "libc++";
				CLANG_ENABLE_MODULES = YES;
				CLANG_ENABLE_OBJC_ARC = YES;
				CLANG_WARN_BOOL_CONVERSION = YES;
				CLANG_WARN_CONSTANT_CONVERSION = YES;
				CLANG_WARN_DIRECT_OBJC_ISA_USAGE = YES_ERROR;
				CLANG_WARN_EMPTY_BODY = YES;
				CLANG_WARN_ENUM_CONVERSION = YES;
				CLANG_WARN_INT_CONVERSION = YES;
				CLANG_WARN_OBJC_ROOT_CLASS = YES_ERROR;
				CLANG_WARN_UNREACHABLE_CODE = YES;
				CLANG_WARN__DUPLICATE_METHOD_MATCH = YES;
				"CODE_SIGN_IDENTITY[sdk=iphoneos*]" = "iPhone Developer";
				COPY_PHASE_STRIP = YES;
				ENABLE_NS_ASSERTIONS = NO;
				ENABLE_STRICT_OBJC_MSGSEND = YES;
				GCC_C_LANGUAGE_STANDARD = gnu99;
				GCC_WARN_64_TO_32_BIT_CONVERSION = YES;
				GCC_WARN_ABOUT_RETURN_TYPE = YES_ERROR;
				GCC_WARN_UNDECLARED_SELECTOR = YES;
				GCC_WARN_UNINITIALIZED_AUTOS = YES_AGGRESSIVE;
				GCC_WARN_UNUSED_FUNCTION = YES;
				GCC_WARN_UNUSED_VARIABLE = YES;
				IPHONEOS_DEPLOYMENT_TARGET = 8.0;
				MTL_ENABLE_DEBUG_INFO = NO;
				SDKROOT = iphoneos;
				TARGETED_DEVICE_FAMILY = "1,2";
				VALIDATE_PRODUCT = YES;
			};
			name = Release;
		};
		1C4E170519EC72FB00D04ACE /* Debug */ = {
			isa = XCBuildConfiguration;
			baseConfigurationReference = 791F5AB100F01F61E4EE0365 /* Pods.debug.xcconfig */;
			buildSettings = {
				ASSETCATALOG_COMPILER_APPICON_NAME = AppIcon;
				INFOPLIST_FILE = rottenTomatoesDemo/Info.plist;
				LD_RUNPATH_SEARCH_PATHS = "$(inherited) @executable_path/Frameworks";
				PRODUCT_NAME = "$(TARGET_NAME)";
			};
			name = Debug;
		};
		1C4E170619EC72FB00D04ACE /* Release */ = {
			isa = XCBuildConfiguration;
			baseConfigurationReference = 6FF201D468955E94EBEA6EF0 /* Pods.release.xcconfig */;
			buildSettings = {
				ASSETCATALOG_COMPILER_APPICON_NAME = AppIcon;
				INFOPLIST_FILE = rottenTomatoesDemo/Info.plist;
				LD_RUNPATH_SEARCH_PATHS = "$(inherited) @executable_path/Frameworks";
				PRODUCT_NAME = "$(TARGET_NAME)";
			};
			name = Release;
		};
		1C4E170819EC72FB00D04ACE /* Debug */ = {
			isa = XCBuildConfiguration;
			buildSettings = {
				BUNDLE_LOADER = "$(TEST_HOST)";
				FRAMEWORK_SEARCH_PATHS = (
					"$(SDKROOT)/Developer/Library/Frameworks",
					"$(inherited)",
				);
				GCC_PREPROCESSOR_DEFINITIONS = (
					"DEBUG=1",
					"$(inherited)",
				);
				INFOPLIST_FILE = rottenTomatoesDemoTests/Info.plist;
				LD_RUNPATH_SEARCH_PATHS = "$(inherited) @executable_path/Frameworks @loader_path/Frameworks";
				PRODUCT_NAME = "$(TARGET_NAME)";
				TEST_HOST = "$(BUILT_PRODUCTS_DIR)/rottenTomatoesDemo.app/rottenTomatoesDemo";
			};
			name = Debug;
		};
		1C4E170919EC72FB00D04ACE /* Release */ = {
			isa = XCBuildConfiguration;
			buildSettings = {
				BUNDLE_LOADER = "$(TEST_HOST)";
				FRAMEWORK_SEARCH_PATHS = (
					"$(SDKROOT)/Developer/Library/Frameworks",
					"$(inherited)",
				);
				INFOPLIST_FILE = rottenTomatoesDemoTests/Info.plist;
				LD_RUNPATH_SEARCH_PATHS = "$(inherited) @executable_path/Frameworks @loader_path/Frameworks";
				PRODUCT_NAME = "$(TARGET_NAME)";
				TEST_HOST = "$(BUILT_PRODUCTS_DIR)/rottenTomatoesDemo.app/rottenTomatoesDemo";
			};
			name = Release;
		};
/* End XCBuildConfiguration section */

/* Begin XCConfigurationList section */
		1C4E16DC19EC72FB00D04ACE /* Build configuration list for PBXProject "rottenTomatoesDemo" */ = {
			isa = XCConfigurationList;
			buildConfigurations = (
				1C4E170219EC72FB00D04ACE /* Debug */,
				1C4E170319EC72FB00D04ACE /* Release */,
			);
			defaultConfigurationIsVisible = 0;
			defaultConfigurationName = Release;
		};
		1C4E170419EC72FB00D04ACE /* Build configuration list for PBXNativeTarget "rottenTomatoesDemo" */ = {
			isa = XCConfigurationList;
			buildConfigurations = (
				1C4E170519EC72FB00D04ACE /* Debug */,
				1C4E170619EC72FB00D04ACE /* Release */,
			);
			defaultConfigurationIsVisible = 0;
			defaultConfigurationName = Release;
		};
		1C4E170719EC72FB00D04ACE /* Build configuration list for PBXNativeTarget "rottenTomatoesDemoTests" */ = {
			isa = XCConfigurationList;
			buildConfigurations = (
				1C4E170819EC72FB00D04ACE /* Debug */,
				1C4E170919EC72FB00D04ACE /* Release */,
			);
			defaultConfigurationIsVisible = 0;
			defaultConfigurationName = Release;
		};
/* End XCConfigurationList section */
	};
	rootObject = 1C4E16D919EC72FB00D04ACE /* Project object */;
}
